
Microsoft Visual Studio Solution File, Format Version 12.00
# Visual Studio Version 17
VisualStudioVersion = 17.3.32804.467
MinimumVisualStudioVersion = 10.0.40219.1
Project("{FAE04EC0-301F-11D3-BF4B-00C04F79EFBC}") = "Filmolib", "Filmolib\Filmolib.csproj", "{A89E9443-B060-444D-A08F-824E5BE40EFC}"
EndProject
Global
	GlobalSection(SolutionConfigurationPlatforms) = preSolution
		Debug|Any CPU = Debug|Any CPU
		Release|Any CPU = Release|Any CPU
	EndGlobalSection
	GlobalSection(ProjectConfigurationPlatforms) = postSolution
		{A89E9443-B060-444D-A08F-824E5BE40EFC}.Debug|Any CPU.ActiveCfg = Debug|Any CPU
		{A89E9443-B060-444D-A08F-824E5BE40EFC}.Debug|Any CPU.Build.0 = Debug|Any CPU
		{A89E9443-B060-444D-A08F-824E5BE40EFC}.Release|Any CPU.ActiveCfg = Release|Any CPU
		{A89E9443-B060-444D-A08F-824E5BE40EFC}.Release|Any CPU.Build.0 = Release|Any CPU
	EndGlobalSection
	GlobalSection(SolutionProperties) = preSolution
		HideSolutionNode = FALSE
	EndGlobalSection
	GlobalSection(ExtensibilityGlobals) = postSolution
		SolutionGuid = {4C45E626-AFD9-4D2C-BAA9-4DBF9A9B8907}
	EndGlobalSection
EndGlobal
